
Microsoft Visual Studio Solution File, Format Version 12.00
# Visual Studio Version 17
VisualStudioVersion = 17.11.35303.130
MinimumVisualStudioVersion = 10.0.40219.1
Project("{9A19103F-16F7-4668-BE54-9A1E7A4F7556}") = "StringCalculatorAppTests", "StringCalculatorTests\StringCalculatorAppTests.csproj", "{7C5D13E7-6F65-4EE5-9873-3F628517E667}"
EndProject
Project("{9A19103F-16F7-4668-BE54-9A1E7A4F7556}") = "StringCalculatorApp", "StringCalculatorApp\StringCalculatorApp.csproj", "{3990575D-211A-4954-8BB4-14D4A987BCFF}"
EndProject
Global
	GlobalSection(SolutionConfigurationPlatforms) = preSolution
		Debug|Any CPU = Debug|Any CPU
		Release|Any CPU = Release|Any CPU
	EndGlobalSection
	GlobalSection(ProjectConfigurationPlatforms) = postSolution
		{7C5D13E7-6F65-4EE5-9873-3F628517E667}.Debug|Any CPU.ActiveCfg = Debug|Any CPU
		{7C5D13E7-6F65-4EE5-9873-3F628517E667}.Debug|Any CPU.Build.0 = Debug|Any CPU
		{7C5D13E7-6F65-4EE5-9873-3F628517E667}.Release|Any CPU.ActiveCfg = Release|Any CPU
		{7C5D13E7-6F65-4EE5-9873-3F628517E667}.Release|Any CPU.Build.0 = Release|Any CPU
		{3990575D-211A-4954-8BB4-14D4A987BCFF}.Debug|Any CPU.ActiveCfg = Debug|Any CPU
		{3990575D-211A-4954-8BB4-14D4A987BCFF}.Debug|Any CPU.Build.0 = Debug|Any CPU
		{3990575D-211A-4954-8BB4-14D4A987BCFF}.Release|Any CPU.ActiveCfg = Release|Any CPU
		{3990575D-211A-4954-8BB4-14D4A987BCFF}.Release|Any CPU.Build.0 = Release|Any CPU
	EndGlobalSection
	GlobalSection(SolutionProperties) = preSolution
		HideSolutionNode = FALSE
	EndGlobalSection
	GlobalSection(ExtensibilityGlobals) = postSolution
		SolutionGuid = {B6703B31-4121-4879-84EB-C11CD13BD6A4}
	EndGlobalSection
EndGlobal
